{
  "version": 4,
  "terraform_version": "1.5.7",
  "serial": 49,
  "lineage": "92f9d0b4-6197-2254-2479-0b7b0f400b82",
  "outputs": {},
  "resources": [
    {
      "mode": "managed",
      "type": "google_artifact_registry_repository",
      "name": "docker_repos",
      "provider": "provider[\"registry.terraform.io/hashicorp/google\"]",
      "instances": [
        {
          "index_key": 0,
          "schema_version": 0,
          "attributes": {
            "cleanup_policies": [],
            "cleanup_policy_dry_run": false,
            "create_time": "2024-10-04T10:20:16.979274Z",
            "description": "Docker repository for order-service",
            "docker_config": [],
            "effective_labels": {
              "goog-terraform-provisioned": "true"
            },
            "format": "DOCKER",
            "id": "projects/qwiklabs-gcp-00-c55ec339bc43/locations/us-west1/repositories/order-service",
            "kms_key_name": "",
            "labels": {},
            "location": "us-west1",
            "maven_config": [],
            "mode": "STANDARD_REPOSITORY",
            "name": "order-service",
            "project": "qwiklabs-gcp-00-c55ec339bc43",
            "remote_repository_config": [],
            "repository_id": "order-service",
            "terraform_labels": {
              "goog-terraform-provisioned": "true"
            },
            "timeouts": null,
            "update_time": "2024-10-04T10:20:16.979274Z",
            "virtual_repository_config": []
          },
          "sensitive_attributes": [],
          "private": "eyJlMmJmYjczMC1lY2FhLTExZTYtOGY4OC0zNDM2M2JjN2M0YzAiOnsiY3JlYXRlIjoxMjAwMDAwMDAwMDAwLCJkZWxldGUiOjEyMDAwMDAwMDAwMDAsInVwZGF0ZSI6MTIwMDAwMDAwMDAwMH19"
        },
        {
          "index_key": 1,
          "schema_version": 0,
          "attributes": {
            "cleanup_policies": [],
            "cleanup_policy_dry_run": false,
            "create_time": "2024-10-04T10:20:17.018983Z",
            "description": "Docker repository for cart-service",
            "docker_config": [],
            "effective_labels": {
              "goog-terraform-provisioned": "true"
            },
            "format": "DOCKER",
            "id": "projects/qwiklabs-gcp-00-c55ec339bc43/locations/us-west1/repositories/cart-service",
            "kms_key_name": "",
            "labels": {},
            "location": "us-west1",
            "maven_config": [],
            "mode": "STANDARD_REPOSITORY",
            "name": "cart-service",
            "project": "qwiklabs-gcp-00-c55ec339bc43",
            "remote_repository_config": [],
            "repository_id": "cart-service",
            "terraform_labels": {
              "goog-terraform-provisioned": "true"
            },
            "timeouts": null,
            "update_time": "2024-10-04T10:20:17.018983Z",
            "virtual_repository_config": []
          },
          "sensitive_attributes": [],
          "private": "eyJlMmJmYjczMC1lY2FhLTExZTYtOGY4OC0zNDM2M2JjN2M0YzAiOnsiY3JlYXRlIjoxMjAwMDAwMDAwMDAwLCJkZWxldGUiOjEyMDAwMDAwMDAwMDAsInVwZGF0ZSI6MTIwMDAwMDAwMDAwMH19"
        },
        {
          "index_key": 2,
          "schema_version": 0,
          "attributes": {
            "cleanup_policies": [],
            "cleanup_policy_dry_run": false,
            "create_time": "2024-10-04T10:20:16.877852Z",
            "description": "Docker repository for product-service",
            "docker_config": [],
            "effective_labels": {
              "goog-terraform-provisioned": "true"
            },
            "format": "DOCKER",
            "id": "projects/qwiklabs-gcp-00-c55ec339bc43/locations/us-west1/repositories/product-service",
            "kms_key_name": "",
            "labels": {},
            "location": "us-west1",
            "maven_config": [],
            "mode": "STANDARD_REPOSITORY",
            "name": "product-service",
            "project": "qwiklabs-gcp-00-c55ec339bc43",
            "remote_repository_config": [],
            "repository_id": "product-service",
            "terraform_labels": {
              "goog-terraform-provisioned": "true"
            },
            "timeouts": null,
            "update_time": "2024-10-04T10:20:16.877852Z",
            "virtual_repository_config": []
          },
          "sensitive_attributes": [],
          "private": "eyJlMmJmYjczMC1lY2FhLTExZTYtOGY4OC0zNDM2M2JjN2M0YzAiOnsiY3JlYXRlIjoxMjAwMDAwMDAwMDAwLCJkZWxldGUiOjEyMDAwMDAwMDAwMDAsInVwZGF0ZSI6MTIwMDAwMDAwMDAwMH19"
        },
        {
          "index_key": 3,
          "schema_version": 0,
          "attributes": {
            "cleanup_policies": [],
            "cleanup_policy_dry_run": false,
            "create_time": "2024-10-04T10:20:16.992364Z",
            "description": "Docker repository for user-service",
            "docker_config": [],
            "effective_labels": {
              "goog-terraform-provisioned": "true"
            },
            "format": "DOCKER",
            "id": "projects/qwiklabs-gcp-00-c55ec339bc43/locations/us-west1/repositories/user-service",
            "kms_key_name": "",
            "labels": {},
            "location": "us-west1",
            "maven_config": [],
            "mode": "STANDARD_REPOSITORY",
            "name": "user-service",
            "project": "qwiklabs-gcp-00-c55ec339bc43",
            "remote_repository_config": [],
            "repository_id": "user-service",
            "terraform_labels": {
              "goog-terraform-provisioned": "true"
            },
            "timeouts": null,
            "update_time": "2024-10-04T10:20:16.992364Z",
            "virtual_repository_config": []
          },
          "sensitive_attributes": [],
          "private": "eyJlMmJmYjczMC1lY2FhLTExZTYtOGY4OC0zNDM2M2JjN2M0YzAiOnsiY3JlYXRlIjoxMjAwMDAwMDAwMDAwLCJkZWxldGUiOjEyMDAwMDAwMDAwMDAsInVwZGF0ZSI6MTIwMDAwMDAwMDAwMH19"
        }
      ]
    },
    {
      "mode": "managed",
      "type": "google_artifact_registry_repository",
      "name": "frontend_repos",
      "provider": "provider[\"registry.terraform.io/hashicorp/google\"]",
      "instances": [
        {
          "schema_version": 0,
          "attributes": {
            "cleanup_policies": [],
            "cleanup_policy_dry_run": false,
            "create_time": "2024-10-04T10:20:15.564366Z",
            "description": "Docker repository for frontend",
            "docker_config": [],
            "effective_labels": {
              "goog-terraform-provisioned": "true"
            },
            "format": "DOCKER",
            "id": "projects/qwiklabs-gcp-00-c55ec339bc43/locations/us-west1/repositories/frontend",
            "kms_key_name": "",
            "labels": {},
            "location": "us-west1",
            "maven_config": [],
            "mode": "STANDARD_REPOSITORY",
            "name": "frontend",
            "project": "qwiklabs-gcp-00-c55ec339bc43",
            "remote_repository_config": [],
            "repository_id": "frontend",
            "terraform_labels": {
              "goog-terraform-provisioned": "true"
            },
            "timeouts": null,
            "update_time": "2024-10-04T10:20:15.564366Z",
            "virtual_repository_config": []
          },
          "sensitive_attributes": [],
          "private": "eyJlMmJmYjczMC1lY2FhLTExZTYtOGY4OC0zNDM2M2JjN2M0YzAiOnsiY3JlYXRlIjoxMjAwMDAwMDAwMDAwLCJkZWxldGUiOjEyMDAwMDAwMDAwMDAsInVwZGF0ZSI6MTIwMDAwMDAwMDAwMH19"
        }
      ]
    },
    {
      "mode": "managed",
      "type": "google_cloud_run_service",
      "name": "backend_services",
      "provider": "provider[\"registry.terraform.io/hashicorp/google\"]",
      "instances": [
        {
          "index_key": "cart-service",
          "status": "tainted",
          "schema_version": 2,
          "attributes": {
            "autogenerate_revision_name": true,
            "id": "locations/us-west1/namespaces/qwiklabs-gcp-00-c55ec339bc43/services/cart-service",
            "location": "us-west1",
            "metadata": null,
            "name": "cart-service",
            "project": "qwiklabs-gcp-00-c55ec339bc43",
            "status": null,
            "template": [
              {
                "metadata": [],
                "spec": [
                  {
                    "container_concurrency": 0,
                    "containers": [
                      {
                        "args": null,
                        "command": null,
                        "env": [],
                        "env_from": [],
                        "image": "us-west1-docker.pkg.dev/qwiklabs-gcp-00-c55ec339bc43/cart-service/cart-service",
                        "liveness_probe": [],
                        "name": "",
                        "ports": [],
                        "resources": [
                          {
                            "limits": {
                              "cpu": "1",
                              "memory": "512Mi"
                            },
                            "requests": null
                          }
                        ],
                        "startup_probe": [],
                        "volume_mounts": [],
                        "working_dir": ""
                      }
                    ],
                    "service_account_name": "",
                    "serving_state": "",
                    "timeout_seconds": 0,
                    "volumes": []
                  }
                ]
              }
            ],
            "timeouts": null,
            "traffic": [
              {
                "latest_revision": true,
                "percent": 100,
                "revision_name": "",
                "tag": "",
                "url": ""
              }
            ]
          },
          "sensitive_attributes": [],
          "private": "eyJlMmJmYjczMC1lY2FhLTExZTYtOGY4OC0zNDM2M2JjN2M0YzAiOnsiY3JlYXRlIjoxMjAwMDAwMDAwMDAwLCJkZWxldGUiOjEyMDAwMDAwMDAwMDAsInVwZGF0ZSI6MTIwMDAwMDAwMDAwMH0sInNjaGVtYV92ZXJzaW9uIjoiMiJ9",
          "dependencies": [
            "google_artifact_registry_repository.docker_repos",
            "null_resource.build_and_push_backends"
          ]
        },
        {
          "index_key": "order-service",
          "schema_version": 2,
          "attributes": {
            "autogenerate_revision_name": true,
            "id": "locations/us-west1/namespaces/qwiklabs-gcp-00-c55ec339bc43/services/order-service",
            "location": "us-west1",
            "metadata": [
              {
                "annotations": {},
                "effective_annotations": {
                  "run.googleapis.com/ingress": "all",
                  "run.googleapis.com/ingress-status": "all",
                  "run.googleapis.com/operation-id": "3a247c56-e4f6-4e13-8448-b69856588c99",
                  "run.googleapis.com/urls": "[\"https://order-service-657626738317.us-west1.run.app\",\"https://order-service-cqknb6vdfa-uw.a.run.app\"]",
                  "serving.knative.dev/creator": "student-00-ff507aa10cc3@qwiklabs.net",
                  "serving.knative.dev/lastModifier": "student-00-ff507aa10cc3@qwiklabs.net"
                },
                "effective_labels": {
                  "cloud.googleapis.com/location": "us-west1"
                },
                "generation": 1,
                "labels": {},
                "namespace": "qwiklabs-gcp-00-c55ec339bc43",
                "resource_version": "AAYjpBnvhLo",
                "self_link": "/apis/serving.knative.dev/v1/namespaces/657626738317/services/order-service",
                "terraform_labels": {},
                "uid": "15bb0254-3029-4449-a5f4-6b58cc8eb94e"
              }
            ],
            "name": "order-service",
            "project": "qwiklabs-gcp-00-c55ec339bc43",
            "status": [
              {
                "conditions": [
                  {
                    "message": "",
                    "reason": "",
                    "status": "True",
                    "type": "Ready"
                  },
                  {
                    "message": "",
                    "reason": "",
                    "status": "True",
                    "type": "ConfigurationsReady"
                  },
                  {
                    "message": "",
                    "reason": "",
                    "status": "True",
                    "type": "RoutesReady"
                  }
                ],
                "latest_created_revision_name": "order-service-00001-2ks",
                "latest_ready_revision_name": "order-service-00001-2ks",
                "observed_generation": 1,
                "traffic": [
                  {
                    "latest_revision": true,
                    "percent": 100,
                    "revision_name": "order-service-00001-2ks",
                    "tag": "",
                    "url": ""
                  }
                ],
                "url": "https://order-service-cqknb6vdfa-uw.a.run.app"
              }
            ],
            "template": [
              {
                "metadata": [
                  {
                    "annotations": {
                      "autoscaling.knative.dev/maxScale": "3"
                    },
                    "generation": 0,
                    "labels": {
                      "run.googleapis.com/startupProbeType": "Default"
                    },
                    "name": "",
                    "namespace": "",
                    "resource_version": "",
                    "self_link": "",
                    "uid": ""
                  }
                ],
                "spec": [
                  {
                    "container_concurrency": 80,
                    "containers": [
                      {
                        "args": null,
                        "command": null,
                        "env": [],
                        "env_from": [],
                        "image": "us-west1-docker.pkg.dev/qwiklabs-gcp-00-c55ec339bc43/order-service/order-service",
                        "liveness_probe": [],
                        "name": "",
                        "ports": [
                          {
                            "container_port": 8080,
                            "name": "http1",
                            "protocol": ""
                          }
                        ],
                        "resources": [
                          {
                            "limits": {
                              "cpu": "1",
                              "memory": "512Mi"
                            },
                            "requests": null
                          }
                        ],
                        "startup_probe": [
                          {
                            "failure_threshold": 1,
                            "grpc": [],
                            "http_get": [],
                            "initial_delay_seconds": 0,
                            "period_seconds": 240,
                            "tcp_socket": [
                              {
                                "port": 8080
                              }
                            ],
                            "timeout_seconds": 240
                          }
                        ],
                        "volume_mounts": [],
                        "working_dir": ""
                      }
                    ],
                    "service_account_name": "657626738317-compute@developer.gserviceaccount.com",
                    "serving_state": "",
                    "timeout_seconds": 300,
                    "volumes": []
                  }
                ]
              }
            ],
            "timeouts": null,
            "traffic": [
              {
                "latest_revision": true,
                "percent": 100,
                "revision_name": "",
                "tag": "",
                "url": ""
              }
            ]
          },
          "sensitive_attributes": [],
          "private": "eyJlMmJmYjczMC1lY2FhLTExZTYtOGY4OC0zNDM2M2JjN2M0YzAiOnsiY3JlYXRlIjoxMjAwMDAwMDAwMDAwLCJkZWxldGUiOjEyMDAwMDAwMDAwMDAsInVwZGF0ZSI6MTIwMDAwMDAwMDAwMH0sInNjaGVtYV92ZXJzaW9uIjoiMiJ9",
          "dependencies": [
            "google_artifact_registry_repository.docker_repos",
            "null_resource.build_and_push_backends"
          ]
        },
        {
          "index_key": "product-service",
          "status": "tainted",
          "schema_version": 2,
          "attributes": {
            "autogenerate_revision_name": true,
            "id": "locations/us-west1/namespaces/qwiklabs-gcp-00-c55ec339bc43/services/product-service",
            "location": "us-west1",
            "metadata": null,
            "name": "product-service",
            "project": "qwiklabs-gcp-00-c55ec339bc43",
            "status": null,
            "template": [
              {
                "metadata": [],
                "spec": [
                  {
                    "container_concurrency": 0,
                    "containers": [
                      {
                        "args": null,
                        "command": null,
                        "env": [],
                        "env_from": [],
                        "image": "us-west1-docker.pkg.dev/qwiklabs-gcp-00-c55ec339bc43/product-service/product-service",
                        "liveness_probe": [],
                        "name": "",
                        "ports": [],
                        "resources": [
                          {
                            "limits": {
                              "cpu": "1",
                              "memory": "512Mi"
                            },
                            "requests": null
                          }
                        ],
                        "startup_probe": [],
                        "volume_mounts": [],
                        "working_dir": ""
                      }
                    ],
                    "service_account_name": "",
                    "serving_state": "",
                    "timeout_seconds": 0,
                    "volumes": []
                  }
                ]
              }
            ],
            "timeouts": null,
            "traffic": [
              {
                "latest_revision": true,
                "percent": 100,
                "revision_name": "",
                "tag": "",
                "url": ""
              }
            ]
          },
          "sensitive_attributes": [],
          "private": "eyJlMmJmYjczMC1lY2FhLTExZTYtOGY4OC0zNDM2M2JjN2M0YzAiOnsiY3JlYXRlIjoxMjAwMDAwMDAwMDAwLCJkZWxldGUiOjEyMDAwMDAwMDAwMDAsInVwZGF0ZSI6MTIwMDAwMDAwMDAwMH0sInNjaGVtYV92ZXJzaW9uIjoiMiJ9",
          "dependencies": [
            "google_artifact_registry_repository.docker_repos",
            "null_resource.build_and_push_backends"
          ]
        },
        {
          "index_key": "user-service",
          "status": "tainted",
          "schema_version": 2,
          "attributes": {
            "autogenerate_revision_name": true,
            "id": "locations/us-west1/namespaces/qwiklabs-gcp-00-c55ec339bc43/services/user-service",
            "location": "us-west1",
            "metadata": null,
            "name": "user-service",
            "project": "qwiklabs-gcp-00-c55ec339bc43",
            "status": null,
            "template": [
              {
                "metadata": [],
                "spec": [
                  {
                    "container_concurrency": 0,
                    "containers": [
                      {
                        "args": null,
                        "command": null,
                        "env": [],
                        "env_from": [],
                        "image": "us-west1-docker.pkg.dev/qwiklabs-gcp-00-c55ec339bc43/user-service/user-service",
                        "liveness_probe": [],
                        "name": "",
                        "ports": [],
                        "resources": [
                          {
                            "limits": {
                              "cpu": "1",
                              "memory": "512Mi"
                            },
                            "requests": null
                          }
                        ],
                        "startup_probe": [],
                        "volume_mounts": [],
                        "working_dir": ""
                      }
                    ],
                    "service_account_name": "",
                    "serving_state": "",
                    "timeout_seconds": 0,
                    "volumes": []
                  }
                ]
              }
            ],
            "timeouts": null,
            "traffic": [
              {
                "latest_revision": true,
                "percent": 100,
                "revision_name": "",
                "tag": "",
                "url": ""
              }
            ]
          },
          "sensitive_attributes": [],
          "private": "eyJlMmJmYjczMC1lY2FhLTExZTYtOGY4OC0zNDM2M2JjN2M0YzAiOnsiY3JlYXRlIjoxMjAwMDAwMDAwMDAwLCJkZWxldGUiOjEyMDAwMDAwMDAwMDAsInVwZGF0ZSI6MTIwMDAwMDAwMDAwMH0sInNjaGVtYV92ZXJzaW9uIjoiMiJ9",
          "dependencies": [
            "google_artifact_registry_repository.docker_repos",
            "null_resource.build_and_push_backends"
          ]
        }
      ]
    },
    {
      "mode": "managed",
      "type": "google_firestore_database",
      "name": "database",
      "provider": "provider[\"registry.terraform.io/hashicorp/google\"]",
      "instances": [
        {
          "schema_version": 0,
          "attributes": {
            "app_engine_integration_mode": "DISABLED",
            "cmek_config": [],
            "concurrency_mode": "PESSIMISTIC",
            "create_time": "",
            "delete_protection_state": "DELETE_PROTECTION_DISABLED",
            "deletion_policy": "ABANDON",
            "earliest_version_time": "2024-10-04T09:23:01.905986Z",
            "etag": "IMe4uvLA9IgDMNzerp2i9IgD",
            "id": "projects/qwiklabs-gcp-00-c55ec339bc43/databases/(default)",
            "key_prefix": "",
            "location_id": "nam5",
            "name": "(default)",
            "point_in_time_recovery_enablement": "POINT_IN_TIME_RECOVERY_DISABLED",
            "project": "qwiklabs-gcp-00-c55ec339bc43",
            "timeouts": null,
            "type": "FIRESTORE_NATIVE",
            "uid": "166b6311-b727-4e49-92c3-2407031131c5",
            "update_time": "",
            "version_retention_period": "3600s"
          },
          "sensitive_attributes": [],
          "private": "eyJlMmJmYjczMC1lY2FhLTExZTYtOGY4OC0zNDM2M2JjN2M0YzAiOnsiY3JlYXRlIjoxMjAwMDAwMDAwMDAwLCJkZWxldGUiOjEyMDAwMDAwMDAwMDAsInVwZGF0ZSI6MTIwMDAwMDAwMDAwMH19"
        }
      ]
    },
    {
      "mode": "managed",
      "type": "google_project_service",
      "name": "cloud_run_api",
      "provider": "provider[\"registry.terraform.io/hashicorp/google\"]",
      "instances": [
        {
          "schema_version": 0,
          "attributes": {
            "disable_dependent_services": null,
            "disable_on_destroy": true,
            "id": "qwiklabs-gcp-00-c55ec339bc43/run.googleapis.com",
            "project": "qwiklabs-gcp-00-c55ec339bc43",
            "service": "run.googleapis.com",
            "timeouts": null
          },
          "sensitive_attributes": [],
          "private": "eyJlMmJmYjczMC1lY2FhLTExZTYtOGY4OC0zNDM2M2JjN2M0YzAiOnsiY3JlYXRlIjoxMjAwMDAwMDAwMDAwLCJkZWxldGUiOjEyMDAwMDAwMDAwMDAsInJlYWQiOjYwMDAwMDAwMDAwMCwidXBkYXRlIjoxMjAwMDAwMDAwMDAwfX0="
        }
      ]
    },
    {
      "mode": "managed",
      "type": "null_resource",
      "name": "build_and_push_backends",
      "provider": "provider[\"registry.terraform.io/hashicorp/null\"]",
      "instances": [
        {
          "index_key": "cart-service",
          "schema_version": 0,
          "attributes": {
            "id": "2643269209321781004",
            "triggers": null
          },
          "sensitive_attributes": [],
          "dependencies": [
            "google_artifact_registry_repository.docker_repos"
          ]
        },
        {
          "index_key": "order-service",
          "schema_version": 0,
          "attributes": {
            "id": "8957925646524203031",
            "triggers": null
          },
          "sensitive_attributes": [],
          "dependencies": [
            "google_artifact_registry_repository.docker_repos"
          ]
        },
        {
          "index_key": "product-service",
          "schema_version": 0,
          "attributes": {
            "id": "2549227335080206847",
            "triggers": null
          },
          "sensitive_attributes": [],
          "dependencies": [
            "google_artifact_registry_repository.docker_repos"
          ]
        },
        {
          "index_key": "user-service",
          "schema_version": 0,
          "attributes": {
            "id": "4709096846582504489",
            "triggers": null
          },
          "sensitive_attributes": [],
          "dependencies": [
            "google_artifact_registry_repository.docker_repos"
          ]
        }
      ]
    }
  ],
  "check_results": null
}
